lockfileVersion: '6.0'

settings:
  autoInstallPeers: true
  excludeLinksFromLockfile: false

dependencies:
  fs-extra:
    specifier: ^10.0.0
    version: registry.npmmirror.com/fs-extra@10.0.0

devDependencies:
  '@types/fs-extra':
    specifier: ^9.0.12
    version: registry.npmmirror.com/@types/fs-extra@9.0.12
  '@types/node':
    specifier: ^16.4.2
    version: registry.npmmirror.com/@types/node@16.4.2
  typescript:
    specifier: ^4.2.3
    version: registry.npmmirror.com/typescript@4.2.3

packages:

  registry.npmmirror.com/@types/fs-extra@9.0.12:
    resolution: {integrity: sha512-I+bsBr67CurCGnSenZZ7v94gd3tc3+Aj2taxMT4yu4ABLuOgOjeFxX3dokG24ztSRg5tnT00sL8BszO7gSMoIw==, registry: https://registry.npm.taobao.org/, tarball: https://registry.npmmirror.com/@types/fs-extra/-/fs-extra-9.0.12.tgz}
    name: '@types/fs-extra'
    version: 9.0.12
    dependencies:
      '@types/node': registry.npmmirror.com/@types/node@16.4.2
    dev: true

  registry.npmmirror.com/@types/node@16.4.2:
    resolution: {integrity: sha512-vxyhOzFCm+jC/T5KugbVsYy1DbQM0h3NCFUrVbu0+pYa/nr+heeucpqxpa8j4pUmIGLPYzboY9zIdOF0niFAjQ==, registry: https://registry.npm.taobao.org/, tarball: https://registry.npmmirror.com/@types/node/-/node-16.4.2.tgz}
    name: '@types/node'
    version: 16.4.2
    dev: true

  registry.npmmirror.com/fs-extra@10.0.0:
    resolution: {integrity: sha512-C5owb14u9eJwizKGdchcDUQeFtlSHHthBk8pbX9Vc1PFZrLombudjDnNns88aYslCyF6IY5SUw3Roz6xShcEIQ==, registry: https://registry.npm.taobao.org/, tarball: https://registry.npmmirror.com/fs-extra/-/fs-extra-10.0.0.tgz}
    name: fs-extra
    version: 10.0.0
    engines: {node: '>=12'}
    dependencies:
      graceful-fs: registry.npmmirror.com/graceful-fs@4.2.11
      jsonfile: registry.npmmirror.com/jsonfile@6.1.0
      universalify: registry.npmmirror.com/universalify@2.0.0
    dev: false

  registry.npmmirror.com/graceful-fs@4.2.11:
    resolution: {integrity: sha512-RbJ5/jmFcNNCcDV5o9eTnBLJ/HszWV0P73bc+Ff4nS/rJj+YaS6IGyiOL0VoBYX+l1Wrl3k63h/KrH+nhJ0XvQ==, registry: https://registry.npm.taobao.org/, tarball: https://registry.npmmirror.com/graceful-fs/-/graceful-fs-4.2.11.tgz}
    name: graceful-fs
    version: 4.2.11
    dev: false

  registry.npmmirror.com/jsonfile@6.1.0:
    resolution: {integrity: sha512-5dgndWOriYSm5cnYaJNhalLNDKOqFwyDB/rr1E9ZsGciGvKPs8R2xYGCacuf3z6K1YKDz182fd+fY3cn3pMqXQ==, registry: https://registry.npm.taobao.org/, tarball: https://registry.npmmirror.com/jsonfile/-/jsonfile-6.1.0.tgz}
    name: jsonfile
    version: 6.1.0
    dependencies:
      universalify: registry.npmmirror.com/universalify@2.0.0
    optionalDependencies:
      graceful-fs: registry.npmmirror.com/graceful-fs@4.2.11
    dev: false

  registry.npmmirror.com/typescript@4.2.3:
    resolution: {integrity: sha512-qOcYwxaByStAWrBf4x0fibwZvMRG+r4cQoTjbPtUlrWjBHbmCAww1i448U0GJ+3cNNEtebDteo/cHOR3xJ4wEw==, registry: https://registry.npm.taobao.org/, tarball: https://registry.npmmirror.com/typescript/-/typescript-4.2.3.tgz}
    name: typescript
    version: 4.2.3
    engines: {node: '>=4.2.0'}
    hasBin: true
    dev: true

  registry.npmmirror.com/universalify@2.0.0:
    resolution: {integrity: sha512-hAZsKq7Yy11Zu1DE0OzWjw7nnLZmJZYTDZZyEFHZdUhV8FkH5MCfoU1XMaxXovpyW5nq5scPqq0ZDP9Zyl04oQ==, registry: https://registry.npm.taobao.org/, tarball: https://registry.npmmirror.com/universalify/-/universalify-2.0.0.tgz}
    name: universalify
    version: 2.0.0
    engines: {node: '>= 10.0.0'}
    dev: false
